
Microsoft Visual Studio Solution File, Format Version 12.00
# Visual Studio Version 17
VisualStudioVersion = 17.6.33723.286
MinimumVisualStudioVersion = 10.0.40219.1
Project("{FAE04EC0-301F-11D3-BF4B-00C04F79EFBC}") = "bee1037", "bee1037.csproj", "{F5C6A9EC-438D-4757-86F2-6FCB3EB7076B}"
EndProject
Global
	GlobalSection(SolutionConfigurationPlatforms) = preSolution
		Debug|Any CPU = Debug|Any CPU
		Release|Any CPU = Release|Any CPU
	EndGlobalSection
	GlobalSection(ProjectConfigurationPlatforms) = postSolution
		{F5C6A9EC-438D-4757-86F2-6FCB3EB7076B}.Debug|Any CPU.ActiveCfg = Debug|Any CPU
		{F5C6A9EC-438D-4757-86F2-6FCB3EB7076B}.Debug|Any CPU.Build.0 = Debug|Any CPU
		{F5C6A9EC-438D-4757-86F2-6FCB3EB7076B}.Release|Any CPU.ActiveCfg = Release|Any CPU
		{F5C6A9EC-438D-4757-86F2-6FCB3EB7076B}.Release|Any CPU.Build.0 = Release|Any CPU
	EndGlobalSection
	GlobalSection(SolutionProperties) = preSolution
		HideSolutionNode = FALSE
	EndGlobalSection
	GlobalSection(ExtensibilityGlobals) = postSolution
		SolutionGuid = {55609A8A-1298-467F-AF51-A127A0576F82}
	EndGlobalSection
EndGlobal
